
Microsoft Visual Studio Solution File, Format Version 12.00
# Visual Studio Version 17
VisualStudioVersion = 17.2.32630.192
MinimumVisualStudioVersion = 10.0.40219.1
Project("{9A19103F-16F7-4668-BE54-9A1E7A4F7556}") = "TicketManagementSystem", "TicketManagementSystem\TicketManagementSystem.csproj", "{13B1381A-F153-4B98-BE92-4CC4E8205A87}"
EndProject
Project("{9A19103F-16F7-4668-BE54-9A1E7A4F7556}") = "UseCases", "UseCases\UseCases.csproj", "{86695AEE-AD46-4199-8353-D91A03942399}"
EndProject
Project("{9A19103F-16F7-4668-BE54-9A1E7A4F7556}") = "CoreBusiness", "CoreBusiness\CoreBusiness.csproj", "{9CD4DB85-11A3-412C-BC04-568128FC6831}"
EndProject
Project("{9A19103F-16F7-4668-BE54-9A1E7A4F7556}") = "Plugins.DataStore.InMemory", "Plugins.DataStore.InMemory\Plugins.DataStore.InMemory.csproj", "{DD1BB992-C22E-43BA-B2B6-EF1B09014512}"
EndProject
Global
	GlobalSection(SolutionConfigurationPlatforms) = preSolution
		Debug|Any CPU = Debug|Any CPU
		Release|Any CPU = Release|Any CPU
	EndGlobalSection
	GlobalSection(ProjectConfigurationPlatforms) = postSolution
		{13B1381A-F153-4B98-BE92-4CC4E8205A87}.Debug|Any CPU.ActiveCfg = Debug|Any CPU
		{13B1381A-F153-4B98-BE92-4CC4E8205A87}.Debug|Any CPU.Build.0 = Debug|Any CPU
		{13B1381A-F153-4B98-BE92-4CC4E8205A87}.Release|Any CPU.ActiveCfg = Release|Any CPU
		{13B1381A-F153-4B98-BE92-4CC4E8205A87}.Release|Any CPU.Build.0 = Release|Any CPU
		{86695AEE-AD46-4199-8353-D91A03942399}.Debug|Any CPU.ActiveCfg = Debug|Any CPU
		{86695AEE-AD46-4199-8353-D91A03942399}.Debug|Any CPU.Build.0 = Debug|Any CPU
		{86695AEE-AD46-4199-8353-D91A03942399}.Release|Any CPU.ActiveCfg = Release|Any CPU
		{86695AEE-AD46-4199-8353-D91A03942399}.Release|Any CPU.Build.0 = Release|Any CPU
		{9CD4DB85-11A3-412C-BC04-568128FC6831}.Debug|Any CPU.ActiveCfg = Debug|Any CPU
		{9CD4DB85-11A3-412C-BC04-568128FC6831}.Debug|Any CPU.Build.0 = Debug|Any CPU
		{9CD4DB85-11A3-412C-BC04-568128FC6831}.Release|Any CPU.ActiveCfg = Release|Any CPU
		{9CD4DB85-11A3-412C-BC04-568128FC6831}.Release|Any CPU.Build.0 = Release|Any CPU
		{DD1BB992-C22E-43BA-B2B6-EF1B09014512}.Debug|Any CPU.ActiveCfg = Debug|Any CPU
		{DD1BB992-C22E-43BA-B2B6-EF1B09014512}.Debug|Any CPU.Build.0 = Debug|Any CPU
		{DD1BB992-C22E-43BA-B2B6-EF1B09014512}.Release|Any CPU.ActiveCfg = Release|Any CPU
		{DD1BB992-C22E-43BA-B2B6-EF1B09014512}.Release|Any CPU.Build.0 = Release|Any CPU
	EndGlobalSection
	GlobalSection(SolutionProperties) = preSolution
		HideSolutionNode = FALSE
	EndGlobalSection
	GlobalSection(ExtensibilityGlobals) = postSolution
		SolutionGuid = {9A833AA6-0C9A-4A37-9044-A2BFEB73FBCA}
	EndGlobalSection
EndGlobal
